
Microsoft Visual Studio Solution File, Format Version 12.00
# Visual Studio Version 17
VisualStudioVersion = 17.12.35527.113 d17.12
MinimumVisualStudioVersion = 10.0.40219.1
Project("{FAE04EC0-301F-11D3-BF4B-00C04F79EFBC}") = "BlazingPizza.Server", "BlazingPizza\Server\BlazingPizza.Server.csproj", "{1850F8BE-4FBC-4C06-8887-2F2591927ED1}"
EndProject
Project("{FAE04EC0-301F-11D3-BF4B-00C04F79EFBC}") = "BlazingPizza.Client", "BlazingPizza\Client\BlazingPizza.Client.csproj", "{3923516E-D259-4A32-BEF5-F9C7B77A578A}"
EndProject
Project("{FAE04EC0-301F-11D3-BF4B-00C04F79EFBC}") = "BlazingPizza.Shared", "BlazingPizza\Shared\BlazingPizza.Shared.csproj", "{76555982-CC44-4093-A8F5-54AA9F432E75}"
EndProject
Global
	GlobalSection(SolutionConfigurationPlatforms) = preSolution
		Debug|Any CPU = Debug|Any CPU
		Release|Any CPU = Release|Any CPU
	EndGlobalSection
	GlobalSection(ProjectConfigurationPlatforms) = postSolution
		{1850F8BE-4FBC-4C06-8887-2F2591927ED1}.Debug|Any CPU.ActiveCfg = Debug|Any CPU
		{1850F8BE-4FBC-4C06-8887-2F2591927ED1}.Debug|Any CPU.Build.0 = Debug|Any CPU
		{1850F8BE-4FBC-4C06-8887-2F2591927ED1}.Release|Any CPU.ActiveCfg = Release|Any CPU
		{1850F8BE-4FBC-4C06-8887-2F2591927ED1}.Release|Any CPU.Build.0 = Release|Any CPU
		{3923516E-D259-4A32-BEF5-F9C7B77A578A}.Debug|Any CPU.ActiveCfg = Debug|Any CPU
		{3923516E-D259-4A32-BEF5-F9C7B77A578A}.Debug|Any CPU.Build.0 = Debug|Any CPU
		{3923516E-D259-4A32-BEF5-F9C7B77A578A}.Release|Any CPU.ActiveCfg = Release|Any CPU
		{3923516E-D259-4A32-BEF5-F9C7B77A578A}.Release|Any CPU.Build.0 = Release|Any CPU
		{76555982-CC44-4093-A8F5-54AA9F432E75}.Debug|Any CPU.ActiveCfg = Debug|Any CPU
		{76555982-CC44-4093-A8F5-54AA9F432E75}.Debug|Any CPU.Build.0 = Debug|Any CPU
		{76555982-CC44-4093-A8F5-54AA9F432E75}.Release|Any CPU.ActiveCfg = Release|Any CPU
		{76555982-CC44-4093-A8F5-54AA9F432E75}.Release|Any CPU.Build.0 = Release|Any CPU
	EndGlobalSection
	GlobalSection(SolutionProperties) = preSolution
		HideSolutionNode = FALSE
	EndGlobalSection
EndGlobal
